
Microsoft Visual Studio Solution File, Format Version 12.00
# Visual Studio Version 17
VisualStudioVersion = 17.14.36616.10 d17.14
MinimumVisualStudioVersion = 10.0.40219.1
Project("{FAE04EC0-301F-11D3-BF4B-00C04F79EFBC}") = "MultiIssuerJwtAuth", "MultiIssuerJwtAuth\MultiIssuerJwtAuth.csproj", "{19AD6617-D0C6-4613-BD45-0E3AD649E8CC}"
EndProject
Global
	GlobalSection(SolutionConfigurationPlatforms) = preSolution
		Debug|Any CPU = Debug|Any CPU
		Release|Any CPU = Release|Any CPU
	EndGlobalSection
	GlobalSection(ProjectConfigurationPlatforms) = postSolution
		{19AD6617-D0C6-4613-BD45-0E3AD649E8CC}.Debug|Any CPU.ActiveCfg = Debug|Any CPU
		{19AD6617-D0C6-4613-BD45-0E3AD649E8CC}.Debug|Any CPU.Build.0 = Debug|Any CPU
		{19AD6617-D0C6-4613-BD45-0E3AD649E8CC}.Release|Any CPU.ActiveCfg = Release|Any CPU
		{19AD6617-D0C6-4613-BD45-0E3AD649E8CC}.Release|Any CPU.Build.0 = Release|Any CPU
	EndGlobalSection
	GlobalSection(SolutionProperties) = preSolution
		HideSolutionNode = FALSE
	EndGlobalSection
	GlobalSection(ExtensibilityGlobals) = postSolution
		SolutionGuid = {94C97BD4-EA45-4088-A3DF-5ECEEF9B010C}
	EndGlobalSection
EndGlobal
